// !$*UTF8*$!
{
	archiveVersion = 1;
	classes = {
	};
	objectVersion = 52;
	objects = {

/* Begin PBXBuildFile section */
		A3077DEB255B8DAD00981486 /* SearchBarView.swift in Sources */ = {isa = PBXBuildFile; fileRef = A3077DEA255B8DAD00981486 /* SearchBarView.swift */; };
		A30D9668253549840094CE90 /* NotesHomePageStyledCardView.swift in Sources */ = {isa = PBXBuildFile; fileRef = A30D9667253549840094CE90 /* NotesHomePageStyledCardView.swift */; };
		A313D5F725539B240073FE33 /* PulsatingPlusButtonView.swift in Sources */ = {isa = PBXBuildFile; fileRef = A313D5F625539B240073FE33 /* PulsatingPlusButtonView.swift */; };
		A31605FA2523BAA1009071E9 /* ArrowButtonView.swift in Sources */ = {isa = PBXBuildFile; fileRef = A31605F92523BAA1009071E9 /* ArrowButtonView.swift */; };
		A3224EA12759C56E004EFDDA /* ServiceWarningView.swift in Sources */ = {isa = PBXBuildFile; fileRef = A3224EA02759C56E004EFDDA /* ServiceWarningView.swift */; };
		A326FAC723F3BC6E002490E2 /* CoreData Extensions.swift in Sources */ = {isa = PBXBuildFile; fileRef = A326FAC623F3BC6E002490E2 /* CoreData Extensions.swift */; };
		A3273B7223EF8F6F007A3792 /* NoteFrontSetupViewModel.swift in Sources */ = {isa = PBXBuildFile; fileRef = A3273B7123EF8F6F007A3792 /* NoteFrontSetupViewModel.swift */; };
		A3273B7523EF998B007A3792 /* Notes+CoreDataClass.swift in Sources */ = {isa = PBXBuildFile; fileRef = A3273B7323EF998B007A3792 /* Notes+CoreDataClass.swift */; };
		A3273B7623EF998B007A3792 /* Notes+CoreDataProperties.swift in Sources */ = {isa = PBXBuildFile; fileRef = A3273B7423EF998B007A3792 /* Notes+CoreDataProperties.swift */; };
		A334BA562929B7B9004546DB /* TextFieldStepper in Frameworks */ = {isa = PBXBuildFile; productRef = A334BA552929B7B9004546DB /* TextFieldStepper */; };
		A33A854F25E4AEF500CD0059 /* AddFrontServiceView.swift in Sources */ = {isa = PBXBuildFile; fileRef = A33A854E25E4AEF500CD0059 /* AddFrontServiceView.swift */; };
		A33A855725E4AFD800CD0059 /* AddRearServiceView.swift in Sources */ = {isa = PBXBuildFile; fileRef = A33A855625E4AFD800CD0059 /* AddRearServiceView.swift */; };
		A33C7FCA254F25AB002E6F47 /* OnBoardingView.swift in Sources */ = {isa = PBXBuildFile; fileRef = A33C7FC9254F25AB002E6F47 /* OnBoardingView.swift */; };
		A33F02B124062A89005A0A8F /* FilteredNoteView.swift in Sources */ = {isa = PBXBuildFile; fileRef = A33F02B024062A89005A0A8F /* FilteredNoteView.swift */; };
		A348C259275DACB800404984 /* PlusButtonView.swift in Sources */ = {isa = PBXBuildFile; fileRef = A348C258275DACB800404984 /* PlusButtonView.swift */; };
		A35642C125787A5500A5A45B /* ContentView.swift in Sources */ = {isa = PBXBuildFile; fileRef = A35642BE25787A5500A5A45B /* ContentView.swift */; };
		A35642C225787A5500A5A45B /* PersistentCloudKitContainer.swift in Sources */ = {isa = PBXBuildFile; fileRef = A35642BF25787A5500A5A45B /* PersistentCloudKitContainer.swift */; };
		A35642C325787A5500A5A45B /* DialedApp.swift in Sources */ = {isa = PBXBuildFile; fileRef = A35642C025787A5500A5A45B /* DialedApp.swift */; };
		A3655BB02575E9F6009DACDE /* BoolModel.swift in Sources */ = {isa = PBXBuildFile; fileRef = A3655BAF2575E9F6009DACDE /* BoolModel.swift */; };
		A37A8953257304AA00D301E1 /* NoteViewModel.swift in Sources */ = {isa = PBXBuildFile; fileRef = A37A8952257304A900D301E1 /* NoteViewModel.swift */; };
		A37B1EC0252C0D8500147F94 /* GradientButtonStyle.swift in Sources */ = {isa = PBXBuildFile; fileRef = A37B1EBF252C0D8500147F94 /* GradientButtonStyle.swift */; };
		A3850EB225292700008982D8 /* NotesStyleCardView.swift in Sources */ = {isa = PBXBuildFile; fileRef = A3850EB125292700008982D8 /* NotesStyleCardView.swift */; };
		A38D56B225609ACF00E83041 /* CloudKit.framework in Frameworks */ = {isa = PBXBuildFile; fileRef = A38D56B125609ACF00E83041 /* CloudKit.framework */; };
		A3918AD023E3E446002A1D61 /* SaveButtonView.swift in Sources */ = {isa = PBXBuildFile; fileRef = A3918ACF23E3E446002A1D61 /* SaveButtonView.swift */; };
		A393F9BD252ACAB700F39E04 /* HomePageMainView.swift in Sources */ = {isa = PBXBuildFile; fileRef = A393F9BC252ACAB700F39E04 /* HomePageMainView.swift */; };
		A393F9C7252ACB1B00F39E04 /* HomePageBikeCardListView.swift in Sources */ = {isa = PBXBuildFile; fileRef = A393F9C4252ACB1B00F39E04 /* HomePageBikeCardListView.swift */; };
		A393F9CE252ACBC800F39E04 /* HomePageLastNoteView.swift in Sources */ = {isa = PBXBuildFile; fileRef = A393F9CD252ACBC800F39E04 /* HomePageLastNoteView.swift */; };
		A3942D23292C5BB700C154F1 /* TextStepperConfig.swift in Sources */ = {isa = PBXBuildFile; fileRef = A3942D22292C5BB700C154F1 /* TextStepperConfig.swift */; };
		A39E45F5252436AC004142CE /* CircularButtonView.swift in Sources */ = {isa = PBXBuildFile; fileRef = A39E45F4252436AC004142CE /* CircularButtonView.swift */; };
		A3A1297023FB9AC50014EC8A /* NoteRearSetupViewModel.swift in Sources */ = {isa = PBXBuildFile; fileRef = A3A1296F23FB9AC50014EC8A /* NoteRearSetupViewModel.swift */; };
		A3A157A125D391C000A6B6A4 /* ForkViewModel.swift in Sources */ = {isa = PBXBuildFile; fileRef = A3A157A025D391C000A6B6A4 /* ForkViewModel.swift */; };
		A3B8B79523F0E66900CE1EF8 /* BikeViewModel.swift in Sources */ = {isa = PBXBuildFile; fileRef = A3B8B79423F0E66900CE1EF8 /* BikeViewModel.swift */; };
		A3B8B79723F0E9EF00CE1EF8 /* BikePickerView.swift in Sources */ = {isa = PBXBuildFile; fileRef = A3B8B79623F0E9EF00CE1EF8 /* BikePickerView.swift */; };
		A3C16E6F23DE9EC4005BFA14 /* NotesListView.swift in Sources */ = {isa = PBXBuildFile; fileRef = A3C16E6E23DE9EC4005BFA14 /* NotesListView.swift */; };
		A3C16E7123DE9EC5005BFA14 /* Assets.xcassets in Resources */ = {isa = PBXBuildFile; fileRef = A3C16E7023DE9EC5005BFA14 /* Assets.xcassets */; };
		A3C16E7423DE9EC5005BFA14 /* Preview Assets.xcassets in Resources */ = {isa = PBXBuildFile; fileRef = A3C16E7323DE9EC5005BFA14 /* Preview Assets.xcassets */; };
		A3C16E7723DE9EC5005BFA14 /* LaunchScreen.storyboard in Resources */ = {isa = PBXBuildFile; fileRef = A3C16E7523DE9EC5005BFA14 /* LaunchScreen.storyboard */; };
		A3C16E8223DE9EC5005BFA14 /* DialedInTests.swift in Sources */ = {isa = PBXBuildFile; fileRef = A3C16E8123DE9EC5005BFA14 /* DialedInTests.swift */; };
		A3C16E8D23DE9EC5005BFA14 /* DialedInUITests.swift in Sources */ = {isa = PBXBuildFile; fileRef = A3C16E8C23DE9EC5005BFA14 /* DialedInUITests.swift */; };
		A3C16EB723DEA582005BFA14 /* RearShock+CoreDataClass.swift in Sources */ = {isa = PBXBuildFile; fileRef = A3C16EAF23DEA582005BFA14 /* RearShock+CoreDataClass.swift */; };
		A3C16EBD23DEA582005BFA14 /* Fork+CoreDataClass.swift in Sources */ = {isa = PBXBuildFile; fileRef = A3C16EB523DEA582005BFA14 /* Fork+CoreDataClass.swift */; };
		A3C5F1F32916FC8A00436AF9 /* HomePageNotesInfoView.swift in Sources */ = {isa = PBXBuildFile; fileRef = A3C5F1F22916FC8A00436AF9 /* HomePageNotesInfoView.swift */; };
		A3C5F1F7291709FF00436AF9 /* Nav_Button.swift in Sources */ = {isa = PBXBuildFile; fileRef = A3C5F1F6291709FF00436AF9 /* Nav_Button.swift */; };
		A3C76CA423EF66450047BBCC /* RatingView.swift in Sources */ = {isa = PBXBuildFile; fileRef = A3C76CA323EF66450047BBCC /* RatingView.swift */; };
		A3C7A1D72401F87D00A741A8 /* NoteFrontSetupView.swift in Sources */ = {isa = PBXBuildFile; fileRef = A3C7A1D62401F87D00A741A8 /* NoteFrontSetupView.swift */; };
		A3C8F5A3248F3527008DD118 /* EditBikeDetailView.swift in Sources */ = {isa = PBXBuildFile; fileRef = A3C8F5A2248F3527008DD118 /* EditBikeDetailView.swift */; };
		A3CAFF5B2465F95000B144EA /* KeyboardObserver.swift in Sources */ = {isa = PBXBuildFile; fileRef = A3CAFF5A2465F95000B144EA /* KeyboardObserver.swift */; };
		A3D518072425BD63007DEE9D /* AddServiceView.swift in Sources */ = {isa = PBXBuildFile; fileRef = A3D518062425BD63007DEE9D /* AddServiceView.swift */; };
		A3D5181224268DB6007DEE9D /* FrontService+CoreDataClass.swift in Sources */ = {isa = PBXBuildFile; fileRef = A3D5180A24268DB6007DEE9D /* FrontService+CoreDataClass.swift */; };
		A3D5181324268DB6007DEE9D /* FrontService+CoreDataProperties.swift in Sources */ = {isa = PBXBuildFile; fileRef = A3D5180B24268DB6007DEE9D /* FrontService+CoreDataProperties.swift */; };
		A3D5181624268DB6007DEE9D /* RearService+CoreDataClass.swift in Sources */ = {isa = PBXBuildFile; fileRef = A3D5180E24268DB6007DEE9D /* RearService+CoreDataClass.swift */; };
		A3D5181724268DB6007DEE9D /* RearService+CoreDataProperties.swift in Sources */ = {isa = PBXBuildFile; fileRef = A3D5180F24268DB6007DEE9D /* RearService+CoreDataProperties.swift */; };
		A3D5181B24268E55007DEE9D /* Fork+CoreDataProperties.swift in Sources */ = {isa = PBXBuildFile; fileRef = A3D5181924268E55007DEE9D /* Fork+CoreDataProperties.swift */; };
		A3D5181E242691F4007DEE9D /* DialedIn.xcdatamodeld in Resources */ = {isa = PBXBuildFile; fileRef = A3C16E6B23DE9EC4005BFA14 /* DialedIn.xcdatamodeld */; };
		A3D518332426B50D007DEE9D /* RearShock+CoreDataProperties.swift in Sources */ = {isa = PBXBuildFile; fileRef = A3D518312426B50D007DEE9D /* RearShock+CoreDataProperties.swift */; };
		A3D518352426B558007DEE9D /* RearServiceViewModel.swift in Sources */ = {isa = PBXBuildFile; fileRef = A3D518342426B558007DEE9D /* RearServiceViewModel.swift */; };
		A3D518372426B565007DEE9D /* FrontServiceViewModel.swift in Sources */ = {isa = PBXBuildFile; fileRef = A3D518362426B565007DEE9D /* FrontServiceViewModel.swift */; };
		A3D533C7291F3B8D00C1164B /* BikeNameCircle.swift in Sources */ = {isa = PBXBuildFile; fileRef = A3D533C6291F3B8D00C1164B /* BikeNameCircle.swift */; };
		A3D533C929205FF800C1164B /* BikesDetailView.swift in Sources */ = {isa = PBXBuildFile; fileRef = A3D533C829205FF800C1164B /* BikesDetailView.swift */; };
		A3D533CB2920842100C1164B /* ServiceDueWrenchIconView.swift in Sources */ = {isa = PBXBuildFile; fileRef = A3D533CA2920842100C1164B /* ServiceDueWrenchIconView.swift */; };
		A3DDCC7A23DFEFEB00CD1476 /* Bike+CoreDataClass.swift in Sources */ = {isa = PBXBuildFile; fileRef = A3DDCC7823DFEFEB00CD1476 /* Bike+CoreDataClass.swift */; };
		A3DDCC7B23DFEFEB00CD1476 /* Bike+CoreDataProperties.swift in Sources */ = {isa = PBXBuildFile; fileRef = A3DDCC7923DFEFEB00CD1476 /* Bike+CoreDataProperties.swift */; };
		A3DDCC7D23DFF21700CD1476 /* NotesDetailView.swift in Sources */ = {isa = PBXBuildFile; fileRef = A3DDCC7C23DFF21700CD1476 /* NotesDetailView.swift */; };
		A3DDCC7F23DFF2C900CD1476 /* AddNoteView.swift in Sources */ = {isa = PBXBuildFile; fileRef = A3DDCC7E23DFF2C900CD1476 /* AddNoteView.swift */; };
		A3DDCC8323DFF97900CD1476 /* AddBikeView.swift in Sources */ = {isa = PBXBuildFile; fileRef = A3DDCC8223DFF97900CD1476 /* AddBikeView.swift */; };
		A3E04FC2244B9E0000FEB391 /* FavoritesView.swift in Sources */ = {isa = PBXBuildFile; fileRef = A3E04FC1244B9E0000FEB391 /* FavoritesView.swift */; };
		A3E1A6AF2409B78100C4DFD5 /* FilteredBikeNotesView.swift in Sources */ = {isa = PBXBuildFile; fileRef = A3E1A6AE2409B78100C4DFD5 /* FilteredBikeNotesView.swift */; };
		A3EAEF36274EE29400B562E9 /* ToolbarContent.swift in Sources */ = {isa = PBXBuildFile; fileRef = A3EAEF35274EE29400B562E9 /* ToolbarContent.swift */; };
		A3F0CF4C25D99F140001DF5B /* RearShockViewModel.swift in Sources */ = {isa = PBXBuildFile; fileRef = A3F0CF4B25D99F140001DF5B /* RearShockViewModel.swift */; };
		A3F3C83D25D9CD41000BE912 /* ForkSetupFormView.swift in Sources */ = {isa = PBXBuildFile; fileRef = A3F3C83C25D9CD41000BE912 /* ForkSetupFormView.swift */; };
		A3F3C84825D9D2AD000BE912 /* RearSetupFormView.swift in Sources */ = {isa = PBXBuildFile; fileRef = A3F3C84725D9D2AD000BE912 /* RearSetupFormView.swift */; };
		A3F3C84D25D9D694000BE912 /* BikeDetailFormView.swift in Sources */ = {isa = PBXBuildFile; fileRef = A3F3C84C25D9D694000BE912 /* BikeDetailFormView.swift */; };
		A3F567A224343B1100C769A4 /* Constants.swift in Sources */ = {isa = PBXBuildFile; fileRef = A3F567A124343B1100C769A4 /* Constants.swift */; };
		A3F61FF625CE330F004F8EA0 /* NoteTextFavRatView.swift in Sources */ = {isa = PBXBuildFile; fileRef = A3F61FF525CE330F004F8EA0 /* NoteTextFavRatView.swift */; };
		A3F61FFB25CE357A004F8EA0 /* FrontNoteDetailsView.swift in Sources */ = {isa = PBXBuildFile; fileRef = A3F61FFA25CE357A004F8EA0 /* FrontNoteDetailsView.swift */; };
		A3F6200025CE38F3004F8EA0 /* RearNoteDetailsView.swift in Sources */ = {isa = PBXBuildFile; fileRef = A3F61FFF25CE38F3004F8EA0 /* RearNoteDetailsView.swift */; };
		A3F8592E2511BFAA00278E7B /* CreateBikeView.swift in Sources */ = {isa = PBXBuildFile; fileRef = A3F8592D2511BFAA00278E7B /* CreateBikeView.swift */; };
		A3FBA8B324024024001F3885 /* NoteRearSetupView.swift in Sources */ = {isa = PBXBuildFile; fileRef = A3FBA8B224024024001F3885 /* NoteRearSetupView.swift */; };
		A3FBA8BB240342E7001F3885 /* BikeDetailView.swift in Sources */ = {isa = PBXBuildFile; fileRef = A3FBA8B8240342E6001F3885 /* BikeDetailView.swift */; };
		A3FBA8BC240342E7001F3885 /* ForkLastServicedView.swift in Sources */ = {isa = PBXBuildFile; fileRef = A3FBA8B9240342E6001F3885 /* ForkLastServicedView.swift */; };
		A3FBA8BD240342E7001F3885 /* RearShockLastServicedView.swift in Sources */ = {isa = PBXBuildFile; fileRef = A3FBA8BA240342E7001F3885 /* RearShockLastServicedView.swift */; };
/* End PBXBuildFile section */

/* Begin PBXContainerItemProxy section */
		A3C16E7E23DE9EC5005BFA14 /* PBXContainerItemProxy */ = {
			isa = PBXContainerItemProxy;
			containerPortal = A3C16E5C23DE9EC4005BFA14 /* Project object */;
			proxyType = 1;
			remoteGlobalIDString = A3C16E6323DE9EC4005BFA14;
			remoteInfo = DialedIn;
		};
		A3C16E8923DE9EC5005BFA14 /* PBXContainerItemProxy */ = {
			isa = PBXContainerItemProxy;
			containerPortal = A3C16E5C23DE9EC4005BFA14 /* Project object */;
			proxyType = 1;
			remoteGlobalIDString = A3C16E6323DE9EC4005BFA14;
			remoteInfo = DialedIn;
		};
/* End PBXContainerItemProxy section */

/* Begin PBXFileReference section */
		A3077DEA255B8DAD00981486 /* SearchBarView.swift */ = {isa = PBXFileReference; lastKnownFileType = sourcecode.swift; path = SearchBarView.swift; sourceTree = "<group>"; };
		A30D9667253549840094CE90 /* NotesHomePageStyledCardView.swift */ = {isa = PBXFileReference; lastKnownFileType = sourcecode.swift; path = NotesHomePageStyledCardView.swift; sourceTree = "<group>"; };
		A313D5F625539B240073FE33 /* PulsatingPlusButtonView.swift */ = {isa = PBXFileReference; lastKnownFileType = sourcecode.swift; path = PulsatingPlusButtonView.swift; sourceTree = "<group>"; };
		A31605F92523BAA1009071E9 /* ArrowButtonView.swift */ = {isa = PBXFileReference; lastKnownFileType = sourcecode.swift; path = ArrowButtonView.swift; sourceTree = "<group>"; };
		A3224EA02759C56E004EFDDA /* ServiceWarningView.swift */ = {isa = PBXFileReference; lastKnownFileType = sourcecode.swift; path = ServiceWarningView.swift; sourceTree = "<group>"; };
		A326FAC623F3BC6E002490E2 /* CoreData Extensions.swift */ = {isa = PBXFileReference; lastKnownFileType = sourcecode.swift; path = "CoreData Extensions.swift"; sourceTree = "<group>"; };
		A3273B7123EF8F6F007A3792 /* NoteFrontSetupViewModel.swift */ = {isa = PBXFileReference; lastKnownFileType = sourcecode.swift; path = NoteFrontSetupViewModel.swift; sourceTree = "<group>"; };
		A3273B7323EF998B007A3792 /* Notes+CoreDataClass.swift */ = {isa = PBXFileReference; lastKnownFileType = sourcecode.swift; path = "Notes+CoreDataClass.swift"; sourceTree = "<group>"; };
		A3273B7423EF998B007A3792 /* Notes+CoreDataProperties.swift */ = {isa = PBXFileReference; lastKnownFileType = sourcecode.swift; path = "Notes+CoreDataProperties.swift"; sourceTree = "<group>"; };
		A33A854E25E4AEF500CD0059 /* AddFrontServiceView.swift */ = {isa = PBXFileReference; lastKnownFileType = sourcecode.swift; path = AddFrontServiceView.swift; sourceTree = "<group>"; };
		A33A855625E4AFD800CD0059 /* AddRearServiceView.swift */ = {isa = PBXFileReference; lastKnownFileType = sourcecode.swift; path = AddRearServiceView.swift; sourceTree = "<group>"; };
		A33C7FC9254F25AB002E6F47 /* OnBoardingView.swift */ = {isa = PBXFileReference; lastKnownFileType = sourcecode.swift; path = OnBoardingView.swift; sourceTree = "<group>"; };
		A33F02B024062A89005A0A8F /* FilteredNoteView.swift */ = {isa = PBXFileReference; lastKnownFileType = sourcecode.swift; path = FilteredNoteView.swift; sourceTree = "<group>"; };
		A348C258275DACB800404984 /* PlusButtonView.swift */ = {isa = PBXFileReference; lastKnownFileType = sourcecode.swift; path = PlusButtonView.swift; sourceTree = "<group>"; };
		A35642BE25787A5500A5A45B /* ContentView.swift */ = {isa = PBXFileReference; fileEncoding = 4; lastKnownFileType = sourcecode.swift; path = ContentView.swift; sourceTree = "<group>"; };
		A35642BF25787A5500A5A45B /* PersistentCloudKitContainer.swift */ = {isa = PBXFileReference; fileEncoding = 4; lastKnownFileType = sourcecode.swift; path = PersistentCloudKitContainer.swift; sourceTree = "<group>"; };
		A35642C025787A5500A5A45B /* DialedApp.swift */ = {isa = PBXFileReference; fileEncoding = 4; lastKnownFileType = sourcecode.swift; path = DialedApp.swift; sourceTree = "<group>"; };
		A3655BAF2575E9F6009DACDE /* BoolModel.swift */ = {isa = PBXFileReference; lastKnownFileType = sourcecode.swift; path = BoolModel.swift; sourceTree = "<group>"; };
		A36DF5EE25C8E7BB00393FD7 /* DialedIn v2.xcdatamodel */ = {isa = PBXFileReference; lastKnownFileType = wrapper.xcdatamodel; path = "DialedIn v2.xcdatamodel"; sourceTree = "<group>"; };
		A37A8952257304A900D301E1 /* NoteViewModel.swift */ = {isa = PBXFileReference; lastKnownFileType = sourcecode.swift; path = NoteViewModel.swift; sourceTree = "<group>"; };
		A37B1EBF252C0D8500147F94 /* GradientButtonStyle.swift */ = {isa = PBXFileReference; lastKnownFileType = sourcecode.swift; path = GradientButtonStyle.swift; sourceTree = "<group>"; };
		A3850EB125292700008982D8 /* NotesStyleCardView.swift */ = {isa = PBXFileReference; lastKnownFileType = sourcecode.swift; path = NotesStyleCardView.swift; sourceTree = "<group>"; };
		A38D56AC25609ABF00E83041 /* Dialed In.entitlements */ = {isa = PBXFileReference; lastKnownFileType = text.plist.entitlements; path = "Dialed In.entitlements"; sourceTree = "<group>"; };
		A38D56B125609ACF00E83041 /* CloudKit.framework */ = {isa = PBXFileReference; lastKnownFileType = wrapper.framework; name = CloudKit.framework; path = System/Library/Frameworks/CloudKit.framework; sourceTree = SDKROOT; };
		A3918ACF23E3E446002A1D61 /* SaveButtonView.swift */ = {isa = PBXFileReference; lastKnownFileType = sourcecode.swift; path = SaveButtonView.swift; sourceTree = "<group>"; };
		A393F9BC252ACAB700F39E04 /* HomePageMainView.swift */ = {isa = PBXFileReference; lastKnownFileType = sourcecode.swift; path = HomePageMainView.swift; sourceTree = "<group>"; };
		A393F9C4252ACB1B00F39E04 /* HomePageBikeCardListView.swift */ = {isa = PBXFileReference; fileEncoding = 4; lastKnownFileType = sourcecode.swift; path = HomePageBikeCardListView.swift; sourceTree = "<group>"; };
		A393F9CD252ACBC800F39E04 /* HomePageLastNoteView.swift */ = {isa = PBXFileReference; lastKnownFileType = sourcecode.swift; path = HomePageLastNoteView.swift; sourceTree = "<group>"; };
		A3942D22292C5BB700C154F1 /* TextStepperConfig.swift */ = {isa = PBXFileReference; lastKnownFileType = sourcecode.swift; path = TextStepperConfig.swift; sourceTree = "<group>"; };
		A39E45F4252436AC004142CE /* CircularButtonView.swift */ = {isa = PBXFileReference; lastKnownFileType = sourcecode.swift; path = CircularButtonView.swift; sourceTree = "<group>"; };
		A3A1296F23FB9AC50014EC8A /* NoteRearSetupViewModel.swift */ = {isa = PBXFileReference; lastKnownFileType = sourcecode.swift; path = NoteRearSetupViewModel.swift; sourceTree = "<group>"; };
		A3A157A025D391C000A6B6A4 /* ForkViewModel.swift */ = {isa = PBXFileReference; lastKnownFileType = sourcecode.swift; path = ForkViewModel.swift; sourceTree = "<group>"; };
		A3B8B79423F0E66900CE1EF8 /* BikeViewModel.swift */ = {isa = PBXFileReference; lastKnownFileType = sourcecode.swift; path = BikeViewModel.swift; sourceTree = "<group>"; };
		A3B8B79623F0E9EF00CE1EF8 /* BikePickerView.swift */ = {isa = PBXFileReference; lastKnownFileType = sourcecode.swift; path = BikePickerView.swift; sourceTree = "<group>"; };
		A3C16E6423DE9EC4005BFA14 /* Dialed In.app */ = {isa = PBXFileReference; explicitFileType = wrapper.application; includeInIndex = 0; path = "Dialed In.app"; sourceTree = BUILT_PRODUCTS_DIR; };
		A3C16E6C23DE9EC4005BFA14 /* DialedIn.xcdatamodel */ = {isa = PBXFileReference; lastKnownFileType = wrapper.xcdatamodel; path = DialedIn.xcdatamodel; sourceTree = "<group>"; };
		A3C16E6E23DE9EC4005BFA14 /* NotesListView.swift */ = {isa = PBXFileReference; lastKnownFileType = sourcecode.swift; path = NotesListView.swift; sourceTree = "<group>"; };
		A3C16E7023DE9EC5005BFA14 /* Assets.xcassets */ = {isa = PBXFileReference; lastKnownFileType = folder.assetcatalog; path = Assets.xcassets; sourceTree = "<group>"; };
		A3C16E7323DE9EC5005BFA14 /* Preview Assets.xcassets */ = {isa = PBXFileReference; lastKnownFileType = folder.assetcatalog; path = "Preview Assets.xcassets"; sourceTree = "<group>"; };
		A3C16E7623DE9EC5005BFA14 /* Base */ = {isa = PBXFileReference; lastKnownFileType = file.storyboard; name = Base; path = Base.lproj/LaunchScreen.storyboard; sourceTree = "<group>"; };
		A3C16E7823DE9EC5005BFA14 /* Info.plist */ = {isa = PBXFileReference; lastKnownFileType = text.plist.xml; path = Info.plist; sourceTree = "<group>"; };
		A3C16E7D23DE9EC5005BFA14 /* DialedInTests.xctest */ = {isa = PBXFileReference; explicitFileType = wrapper.cfbundle; includeInIndex = 0; path = DialedInTests.xctest; sourceTree = BUILT_PRODUCTS_DIR; };
		A3C16E8123DE9EC5005BFA14 /* DialedInTests.swift */ = {isa = PBXFileReference; lastKnownFileType = sourcecode.swift; path = DialedInTests.swift; sourceTree = "<group>"; };
		A3C16E8323DE9EC5005BFA14 /* Info.plist */ = {isa = PBXFileReference; lastKnownFileType = text.plist.xml; name = Info.plist; path = DialedInTests/Info.plist; sourceTree = SOURCE_ROOT; };
		A3C16E8823DE9EC5005BFA14 /* DialedInUITests.xctest */ = {isa = PBXFileReference; explicitFileType = wrapper.cfbundle; includeInIndex = 0; path = DialedInUITests.xctest; sourceTree = BUILT_PRODUCTS_DIR; };
		A3C16E8C23DE9EC5005BFA14 /* DialedInUITests.swift */ = {isa = PBXFileReference; lastKnownFileType = sourcecode.swift; path = DialedInUITests.swift; sourceTree = "<group>"; };
		A3C16E8E23DE9EC5005BFA14 /* Info.plist */ = {isa = PBXFileReference; lastKnownFileType = text.plist.xml; path = Info.plist; sourceTree = "<group>"; };
		A3C16EAF23DEA582005BFA14 /* RearShock+CoreDataClass.swift */ = {isa = PBXFileReference; lastKnownFileType = sourcecode.swift; path = "RearShock+CoreDataClass.swift"; sourceTree = "<group>"; };
		A3C16EB523DEA582005BFA14 /* Fork+CoreDataClass.swift */ = {isa = PBXFileReference; lastKnownFileType = sourcecode.swift; path = "Fork+CoreDataClass.swift"; sourceTree = "<group>"; };
		A3C5F1F22916FC8A00436AF9 /* HomePageNotesInfoView.swift */ = {isa = PBXFileReference; lastKnownFileType = sourcecode.swift; path = HomePageNotesInfoView.swift; sourceTree = "<group>"; };
		A3C5F1F6291709FF00436AF9 /* Nav_Button.swift */ = {isa = PBXFileReference; lastKnownFileType = sourcecode.swift; path = Nav_Button.swift; sourceTree = "<group>"; };
		A3C76CA323EF66450047BBCC /* RatingView.swift */ = {isa = PBXFileReference; lastKnownFileType = sourcecode.swift; path = RatingView.swift; sourceTree = "<group>"; };
		A3C7A1D62401F87D00A741A8 /* NoteFrontSetupView.swift */ = {isa = PBXFileReference; lastKnownFileType = sourcecode.swift; path = NoteFrontSetupView.swift; sourceTree = "<group>"; };
		A3C8F5A2248F3527008DD118 /* EditBikeDetailView.swift */ = {isa = PBXFileReference; lastKnownFileType = sourcecode.swift; path = EditBikeDetailView.swift; sourceTree = "<group>"; };
		A3CAFF5A2465F95000B144EA /* KeyboardObserver.swift */ = {isa = PBXFileReference; lastKnownFileType = sourcecode.swift; path = KeyboardObserver.swift; sourceTree = "<group>"; };
		A3D518062425BD63007DEE9D /* AddServiceView.swift */ = {isa = PBXFileReference; lastKnownFileType = sourcecode.swift; path = AddServiceView.swift; sourceTree = "<group>"; };
		A3D5180A24268DB6007DEE9D /* FrontService+CoreDataClass.swift */ = {isa = PBXFileReference; lastKnownFileType = sourcecode.swift; path = "FrontService+CoreDataClass.swift"; sourceTree = "<group>"; };
		A3D5180B24268DB6007DEE9D /* FrontService+CoreDataProperties.swift */ = {isa = PBXFileReference; lastKnownFileType = sourcecode.swift; path = "FrontService+CoreDataProperties.swift"; sourceTree = "<group>"; };
		A3D5180E24268DB6007DEE9D /* RearService+CoreDataClass.swift */ = {isa = PBXFileReference; lastKnownFileType = sourcecode.swift; path = "RearService+CoreDataClass.swift"; sourceTree = "<group>"; };
		A3D5180F24268DB6007DEE9D /* RearService+CoreDataProperties.swift */ = {isa = PBXFileReference; lastKnownFileType = sourcecode.swift; path = "RearService+CoreDataProperties.swift"; sourceTree = "<group>"; };
		A3D5181924268E55007DEE9D /* Fork+CoreDataProperties.swift */ = {isa = PBXFileReference; lastKnownFileType = sourcecode.swift; path = "Fork+CoreDataProperties.swift"; sourceTree = "<group>"; };
		A3D5181F2426925B007DEE9D /* README.md */ = {isa = PBXFileReference; lastKnownFileType = net.daringfireball.markdown; path = README.md; sourceTree = "<group>"; };
		A3D518312426B50D007DEE9D /* RearShock+CoreDataProperties.swift */ = {isa = PBXFileReference; lastKnownFileType = sourcecode.swift; path = "RearShock+CoreDataProperties.swift"; sourceTree = "<group>"; };
		A3D518342426B558007DEE9D /* RearServiceViewModel.swift */ = {isa = PBXFileReference; fileEncoding = 4; lastKnownFileType = sourcecode.swift; path = RearServiceViewModel.swift; sourceTree = "<group>"; };
		A3D518362426B565007DEE9D /* FrontServiceViewModel.swift */ = {isa = PBXFileReference; fileEncoding = 4; lastKnownFileType = sourcecode.swift; path = FrontServiceViewModel.swift; sourceTree = "<group>"; };
		A3D533C6291F3B8D00C1164B /* BikeNameCircle.swift */ = {isa = PBXFileReference; lastKnownFileType = sourcecode.swift; path = BikeNameCircle.swift; sourceTree = "<group>"; };
		A3D533C829205FF800C1164B /* BikesDetailView.swift */ = {isa = PBXFileReference; lastKnownFileType = sourcecode.swift; name = BikesDetailView.swift; path = BikeDetailViews/BikesDetailView.swift; sourceTree = "<group>"; };
		A3D533CA2920842100C1164B /* ServiceDueWrenchIconView.swift */ = {isa = PBXFileReference; lastKnownFileType = sourcecode.swift; path = ServiceDueWrenchIconView.swift; sourceTree = "<group>"; };
		A3DDCC7823DFEFEB00CD1476 /* Bike+CoreDataClass.swift */ = {isa = PBXFileReference; lastKnownFileType = sourcecode.swift; path = "Bike+CoreDataClass.swift"; sourceTree = "<group>"; };
		A3DDCC7923DFEFEB00CD1476 /* Bike+CoreDataProperties.swift */ = {isa = PBXFileReference; lastKnownFileType = sourcecode.swift; path = "Bike+CoreDataProperties.swift"; sourceTree = "<group>"; };
		A3DDCC7C23DFF21700CD1476 /* NotesDetailView.swift */ = {isa = PBXFileReference; lastKnownFileType = sourcecode.swift; path = NotesDetailView.swift; sourceTree = "<group>"; };
		A3DDCC7E23DFF2C900CD1476 /* AddNoteView.swift */ = {isa = PBXFileReference; lastKnownFileType = sourcecode.swift; path = AddNoteView.swift; sourceTree = "<group>"; };
		A3DDCC8223DFF97900CD1476 /* AddBikeView.swift */ = {isa = PBXFileReference; lastKnownFileType = sourcecode.swift; path = AddBikeView.swift; sourceTree = "<group>"; };
		A3E04FC1244B9E0000FEB391 /* FavoritesView.swift */ = {isa = PBXFileReference; lastKnownFileType = sourcecode.swift; path = FavoritesView.swift; sourceTree = "<group>"; };
		A3E1A6AE2409B78100C4DFD5 /* FilteredBikeNotesView.swift */ = {isa = PBXFileReference; lastKnownFileType = sourcecode.swift; path = FilteredBikeNotesView.swift; sourceTree = "<group>"; };
		A3EAEF35274EE29400B562E9 /* ToolbarContent.swift */ = {isa = PBXFileReference; lastKnownFileType = sourcecode.swift; path = ToolbarContent.swift; sourceTree = "<group>"; };
		A3F0CF4B25D99F140001DF5B /* RearShockViewModel.swift */ = {isa = PBXFileReference; lastKnownFileType = sourcecode.swift; path = RearShockViewModel.swift; sourceTree = "<group>"; };
		A3F3C83C25D9CD41000BE912 /* ForkSetupFormView.swift */ = {isa = PBXFileReference; lastKnownFileType = sourcecode.swift; path = ForkSetupFormView.swift; sourceTree = "<group>"; };
		A3F3C84725D9D2AD000BE912 /* RearSetupFormView.swift */ = {isa = PBXFileReference; lastKnownFileType = sourcecode.swift; path = RearSetupFormView.swift; sourceTree = "<group>"; };
		A3F3C84C25D9D694000BE912 /* BikeDetailFormView.swift */ = {isa = PBXFileReference; lastKnownFileType = sourcecode.swift; path = BikeDetailFormView.swift; sourceTree = "<group>"; };
		A3F567A124343B1100C769A4 /* Constants.swift */ = {isa = PBXFileReference; lastKnownFileType = sourcecode.swift; path = Constants.swift; sourceTree = "<group>"; };
		A3F61FF525CE330F004F8EA0 /* NoteTextFavRatView.swift */ = {isa = PBXFileReference; lastKnownFileType = sourcecode.swift; path = NoteTextFavRatView.swift; sourceTree = "<group>"; };
		A3F61FFA25CE357A004F8EA0 /* FrontNoteDetailsView.swift */ = {isa = PBXFileReference; lastKnownFileType = sourcecode.swift; path = FrontNoteDetailsView.swift; sourceTree = "<group>"; };
		A3F61FFF25CE38F3004F8EA0 /* RearNoteDetailsView.swift */ = {isa = PBXFileReference; lastKnownFileType = sourcecode.swift; path = RearNoteDetailsView.swift; sourceTree = "<group>"; };
		A3F8592D2511BFAA00278E7B /* CreateBikeView.swift */ = {isa = PBXFileReference; lastKnownFileType = sourcecode.swift; path = CreateBikeView.swift; sourceTree = "<group>"; };
		A3FBA8B224024024001F3885 /* NoteRearSetupView.swift */ = {isa = PBXFileReference; lastKnownFileType = sourcecode.swift; path = NoteRearSetupView.swift; sourceTree = "<group>"; };
		A3FBA8B8240342E6001F3885 /* BikeDetailView.swift */ = {isa = PBXFileReference; fileEncoding = 4; lastKnownFileType = sourcecode.swift; path = BikeDetailView.swift; sourceTree = "<group>"; };
		A3FBA8B9240342E6001F3885 /* ForkLastServicedView.swift */ = {isa = PBXFileReference; fileEncoding = 4; lastKnownFileType = sourcecode.swift; path = ForkLastServicedView.swift; sourceTree = "<group>"; };
		A3FBA8BA240342E7001F3885 /* RearShockLastServicedView.swift */ = {isa = PBXFileReference; fileEncoding = 4; lastKnownFileType = sourcecode.swift; path = RearShockLastServicedView.swift; sourceTree = "<group>"; };
/* End PBXFileReference section */

/* Begin PBXFrameworksBuildPhase section */
		A3C16E6123DE9EC4005BFA14 /* Frameworks */ = {
			isa = PBXFrameworksBuildPhase;
			buildActionMask = 2147483647;
			files = (
				A334BA562929B7B9004546DB /* TextFieldStepper in Frameworks */,
				A38D56B225609ACF00E83041 /* CloudKit.framework in Frameworks */,
			);
			runOnlyForDeploymentPostprocessing = 0;
		};
		A3C16E7A23DE9EC5005BFA14 /* Frameworks */ = {
			isa = PBXFrameworksBuildPhase;
			buildActionMask = 2147483647;
			files = (
			);
			runOnlyForDeploymentPostprocessing = 0;
		};
		A3C16E8523DE9EC5005BFA14 /* Frameworks */ = {
			isa = PBXFrameworksBuildPhase;
			buildActionMask = 2147483647;
			files = (
			);
			runOnlyForDeploymentPostprocessing = 0;
		};
/* End PBXFrameworksBuildPhase section */

/* Begin PBXGroup section */
		A31F540A2932E57300443CB5 /* Helpers */ = {
			isa = PBXGroup;
			children = (
				A3F567A124343B1100C769A4 /* Constants.swift */,
				A3CAFF5A2465F95000B144EA /* KeyboardObserver.swift */,
				A3942D22292C5BB700C154F1 /* TextStepperConfig.swift */,
			);
			path = Helpers;
			sourceTree = "<group>";
		};
		A326FAC823F3BC80002490E2 /* CoreData */ = {
			isa = PBXGroup;
			children = (
				A35642BF25787A5500A5A45B /* PersistentCloudKitContainer.swift */,
				A3C16EAA23DEA41C005BFA14 /* NSManagedSubClasses */,
				A3C16E6B23DE9EC4005BFA14 /* DialedIn.xcdatamodeld */,
				A326FAC623F3BC6E002490E2 /* CoreData Extensions.swift */,
			);
			path = CoreData;
			sourceTree = "<group>";
		};
		A32F65AC254F7635005827A7 /* InitialSetup */ = {
			isa = PBXGroup;
			children = (
				A33C7FC9254F25AB002E6F47 /* OnBoardingView.swift */,
			);
			path = InitialSetup;
			sourceTree = "<group>";
		};
		A33E3D8F25239AD100B9F47E /* Notes */ = {
			isa = PBXGroup;
			children = (
				A3C7A1D52401F85200A741A8 /* AddNoteViews */,
				A3B99236241DD9A4007E9B7B /* NotesListView */,
				A3C7A1D42401F81300A741A8 /* NotesDetailViews */,
			);
			path = Notes;
			sourceTree = "<group>";
		};
		A33E3D9025239AD600B9F47E /* Bike */ = {
			isa = PBXGroup;
			children = (
				A3D533C829205FF800C1164B /* BikesDetailView.swift */,
				A3DDCC8223DFF97900CD1476 /* AddBikeView.swift */,
				A3F3C84C25D9D694000BE912 /* BikeDetailFormView.swift */,
				A3F3C83C25D9CD41000BE912 /* ForkSetupFormView.swift */,
				A3F3C84725D9D2AD000BE912 /* RearSetupFormView.swift */,
				A3B8B79623F0E9EF00CE1EF8 /* BikePickerView.swift */,
				A3FBA8BE24034623001F3885 /* BikeDetailViews */,
			);
			path = Bike;
			sourceTree = "<group>";
		};
		A33E3D9125239ADB00B9F47E /* Service */ = {
			isa = PBXGroup;
			children = (
				A3D518062425BD63007DEE9D /* AddServiceView.swift */,
				A33A855625E4AFD800CD0059 /* AddRearServiceView.swift */,
				A33A854E25E4AEF500CD0059 /* AddFrontServiceView.swift */,
				A3FBA8BA240342E7001F3885 /* RearShockLastServicedView.swift */,
				A3FBA8B9240342E6001F3885 /* ForkLastServicedView.swift */,
			);
			path = Service;
			sourceTree = "<group>";
		};
		A38D56B025609ACF00E83041 /* Frameworks */ = {
			isa = PBXGroup;
			children = (
				A38D56B125609ACF00E83041 /* CloudKit.framework */,
			);
			name = Frameworks;
			sourceTree = "<group>";
		};
		A3918AD123E3E764002A1D61 /* MainViews */ = {
			isa = PBXGroup;
			children = (
				A393F9BB252ACAA800F39E04 /* HomePage */,
				A33E3D8F25239AD100B9F47E /* Notes */,
				A33E3D9025239AD600B9F47E /* Bike */,
				A33E3D9125239ADB00B9F47E /* Service */,
			);
			path = MainViews;
			sourceTree = "<group>";
		};
		A3918AD323E3E76C002A1D61 /* SingleViews */ = {
			isa = PBXGroup;
			children = (
				A3ED8D582561A474009C66E7 /* Buttons */,
				A3F8592D2511BFAA00278E7B /* CreateBikeView.swift */,
				A3077DEA255B8DAD00981486 /* SearchBarView.swift */,
				A3EAEF35274EE29400B562E9 /* ToolbarContent.swift */,
				A3224EA02759C56E004EFDDA /* ServiceWarningView.swift */,
				A3D533CA2920842100C1164B /* ServiceDueWrenchIconView.swift */,
			);
			path = SingleViews;
			sourceTree = "<group>";
		};
		A393F9BB252ACAA800F39E04 /* HomePage */ = {
			isa = PBXGroup;
			children = (
				A393F9BC252ACAB700F39E04 /* HomePageMainView.swift */,
				A30D9667253549840094CE90 /* NotesHomePageStyledCardView.swift */,
				A393F9CD252ACBC800F39E04 /* HomePageLastNoteView.swift */,
				A3C5F1F22916FC8A00436AF9 /* HomePageNotesInfoView.swift */,
				A393F9C4252ACB1B00F39E04 /* HomePageBikeCardListView.swift */,
			);
			path = HomePage;
			sourceTree = "<group>";
		};
		A3A1579E25D3917900A6B6A4 /* Note */ = {
			isa = PBXGroup;
			children = (
				A37A8952257304A900D301E1 /* NoteViewModel.swift */,
				A3A1296F23FB9AC50014EC8A /* NoteRearSetupViewModel.swift */,
				A3273B7123EF8F6F007A3792 /* NoteFrontSetupViewModel.swift */,
			);
			path = Note;
			sourceTree = "<group>";
		};
		A3A1579F25D3918C00A6B6A4 /* Service */ = {
			isa = PBXGroup;
			children = (
				A3D518362426B565007DEE9D /* FrontServiceViewModel.swift */,
				A3D518342426B558007DEE9D /* RearServiceViewModel.swift */,
			);
			path = Service;
			sourceTree = "<group>";
		};
		A3B99236241DD9A4007E9B7B /* NotesListView */ = {
			isa = PBXGroup;
			children = (
				A3C16E6E23DE9EC4005BFA14 /* NotesListView.swift */,
				A33F02B024062A89005A0A8F /* FilteredNoteView.swift */,
				A3850EB125292700008982D8 /* NotesStyleCardView.swift */,
			);
			path = NotesListView;
			sourceTree = "<group>";
		};
		A3C16E5B23DE9EC4005BFA14 = {
			isa = PBXGroup;
			children = (
				A3C16E6623DE9EC4005BFA14 /* DialedIn */,
				A3C16E8023DE9EC5005BFA14 /* DialedInTests */,
				A3C16E8B23DE9EC5005BFA14 /* DialedInUITests */,
				A3C16E6523DE9EC4005BFA14 /* Products */,
				A38D56B025609ACF00E83041 /* Frameworks */,
			);
			sourceTree = "<group>";
		};
		A3C16E6523DE9EC4005BFA14 /* Products */ = {
			isa = PBXGroup;
			children = (
				A3C16E6423DE9EC4005BFA14 /* Dialed In.app */,
				A3C16E7D23DE9EC5005BFA14 /* DialedInTests.xctest */,
				A3C16E8823DE9EC5005BFA14 /* DialedInUITests.xctest */,
			);
			name = Products;
			sourceTree = "<group>";
		};
		A3C16E6623DE9EC4005BFA14 /* DialedIn */ = {
			isa = PBXGroup;
			children = (
				A3C76CA023EF5DC70047BBCC /* App Files */,
				A3C16E7823DE9EC5005BFA14 /* Info.plist */,
				A38D56AC25609ABF00E83041 /* Dialed In.entitlements */,
				A3D5181F2426925B007DEE9D /* README.md */,
				A326FAC823F3BC80002490E2 /* CoreData */,
				A3C16EAC23DEA461005BFA14 /* ViewModels */,
				A3C16EAB23DEA454005BFA14 /* Views */,
				A31F540A2932E57300443CB5 /* Helpers */,
				A3C16E7223DE9EC5005BFA14 /* Preview Content */,
			);
			path = DialedIn;
			sourceTree = "<group>";
		};
		A3C16E7223DE9EC5005BFA14 /* Preview Content */ = {
			isa = PBXGroup;
			children = (
				A3C16E7323DE9EC5005BFA14 /* Preview Assets.xcassets */,
			);
			path = "Preview Content";
			sourceTree = "<group>";
		};
		A3C16E8023DE9EC5005BFA14 /* DialedInTests */ = {
			isa = PBXGroup;
			children = (
				A3C16E8323DE9EC5005BFA14 /* Info.plist */,
				A3C16E8123DE9EC5005BFA14 /* DialedInTests.swift */,
			);
			path = DialedInTests;
			sourceTree = "<group>";
		};
		A3C16E8B23DE9EC5005BFA14 /* DialedInUITests */ = {
			isa = PBXGroup;
			children = (
				A3C16E8C23DE9EC5005BFA14 /* DialedInUITests.swift */,
				A3C16E8E23DE9EC5005BFA14 /* Info.plist */,
			);
			path = DialedInUITests;
			sourceTree = "<group>";
		};
		A3C16EAA23DEA41C005BFA14 /* NSManagedSubClasses */ = {
			isa = PBXGroup;
			children = (
				A3C16EAE23DEA4F7005BFA14 /* Classes */,
				A3C16EAD23DEA4ED005BFA14 /* Properties */,
			);
			path = NSManagedSubClasses;
			sourceTree = "<group>";
		};
		A3C16EAB23DEA454005BFA14 /* Views */ = {
			isa = PBXGroup;
			children = (
				A32F65AC254F7635005827A7 /* InitialSetup */,
				A3918AD123E3E764002A1D61 /* MainViews */,
				A3918AD323E3E76C002A1D61 /* SingleViews */,
			);
			path = Views;
			sourceTree = "<group>";
		};
		A3C16EAC23DEA461005BFA14 /* ViewModels */ = {
			isa = PBXGroup;
			children = (
				A3A1579E25D3917900A6B6A4 /* Note */,
				A3A1579F25D3918C00A6B6A4 /* Service */,
				A3B8B79423F0E66900CE1EF8 /* BikeViewModel.swift */,
				A3655BAF2575E9F6009DACDE /* BoolModel.swift */,
				A3A157A025D391C000A6B6A4 /* ForkViewModel.swift */,
				A3F0CF4B25D99F140001DF5B /* RearShockViewModel.swift */,
			);
			path = ViewModels;
			sourceTree = "<group>";
		};
		A3C16EAD23DEA4ED005BFA14 /* Properties */ = {
			isa = PBXGroup;
			children = (
				A3D518312426B50D007DEE9D /* RearShock+CoreDataProperties.swift */,
				A3D5180B24268DB6007DEE9D /* FrontService+CoreDataProperties.swift */,
				A3D5180F24268DB6007DEE9D /* RearService+CoreDataProperties.swift */,
				A3273B7423EF998B007A3792 /* Notes+CoreDataProperties.swift */,
				A3DDCC7923DFEFEB00CD1476 /* Bike+CoreDataProperties.swift */,
				A3D5181924268E55007DEE9D /* Fork+CoreDataProperties.swift */,
			);
			path = Properties;
			sourceTree = "<group>";
		};
		A3C16EAE23DEA4F7005BFA14 /* Classes */ = {
			isa = PBXGroup;
			children = (
				A3D5180A24268DB6007DEE9D /* FrontService+CoreDataClass.swift */,
				A3273B7323EF998B007A3792 /* Notes+CoreDataClass.swift */,
				A3DDCC7823DFEFEB00CD1476 /* Bike+CoreDataClass.swift */,
				A3C16EAF23DEA582005BFA14 /* RearShock+CoreDataClass.swift */,
				A3C16EB523DEA582005BFA14 /* Fork+CoreDataClass.swift */,
				A3D5180E24268DB6007DEE9D /* RearService+CoreDataClass.swift */,
			);
			path = Classes;
			sourceTree = "<group>";
		};
		A3C76CA023EF5DC70047BBCC /* App Files */ = {
			isa = PBXGroup;
			children = (
				A3C16E7023DE9EC5005BFA14 /* Assets.xcassets */,
				A3C16E7523DE9EC5005BFA14 /* LaunchScreen.storyboard */,
				A35642BE25787A5500A5A45B /* ContentView.swift */,
				A35642C025787A5500A5A45B /* DialedApp.swift */,
			);
			path = "App Files";
			sourceTree = "<group>";
		};
		A3C7A1D42401F81300A741A8 /* NotesDetailViews */ = {
			isa = PBXGroup;
			children = (
				A3DDCC7C23DFF21700CD1476 /* NotesDetailView.swift */,
				A3F61FFA25CE357A004F8EA0 /* FrontNoteDetailsView.swift */,
				A3F61FFF25CE38F3004F8EA0 /* RearNoteDetailsView.swift */,
				A3C76CA323EF66450047BBCC /* RatingView.swift */,
				A3E04FC1244B9E0000FEB391 /* FavoritesView.swift */,
				A3F61FF525CE330F004F8EA0 /* NoteTextFavRatView.swift */,
			);
			path = NotesDetailViews;
			sourceTree = "<group>";
		};
		A3C7A1D52401F85200A741A8 /* AddNoteViews */ = {
			isa = PBXGroup;
			children = (
				A3DDCC7E23DFF2C900CD1476 /* AddNoteView.swift */,
				A3C7A1D62401F87D00A741A8 /* NoteFrontSetupView.swift */,
				A3FBA8B224024024001F3885 /* NoteRearSetupView.swift */,
			);
			path = AddNoteViews;
			sourceTree = "<group>";
		};
		A3ED8D582561A474009C66E7 /* Buttons */ = {
			isa = PBXGroup;
			children = (
				A3918ACF23E3E446002A1D61 /* SaveButtonView.swift */,
				A31605F92523BAA1009071E9 /* ArrowButtonView.swift */,
				A37B1EBF252C0D8500147F94 /* GradientButtonStyle.swift */,
				A39E45F4252436AC004142CE /* CircularButtonView.swift */,
				A313D5F625539B240073FE33 /* PulsatingPlusButtonView.swift */,
				A348C258275DACB800404984 /* PlusButtonView.swift */,
				A3C5F1F6291709FF00436AF9 /* Nav_Button.swift */,
				A3D533C6291F3B8D00C1164B /* BikeNameCircle.swift */,
			);
			path = Buttons;
			sourceTree = "<group>";
		};
		A3FBA8BE24034623001F3885 /* BikeDetailViews */ = {
			isa = PBXGroup;
			children = (
				A3FBA8B8240342E6001F3885 /* BikeDetailView.swift */,
				A3E1A6AE2409B78100C4DFD5 /* FilteredBikeNotesView.swift */,
				A3C8F5A2248F3527008DD118 /* EditBikeDetailView.swift */,
			);
			path = BikeDetailViews;
			sourceTree = "<group>";
		};
/* End PBXGroup section */

/* Begin PBXNativeTarget section */
		A3C16E6323DE9EC4005BFA14 /* DialedIn */ = {
			isa = PBXNativeTarget;
			buildConfigurationList = A3C16E9123DE9EC5005BFA14 /* Build configuration list for PBXNativeTarget "DialedIn" */;
			buildPhases = (
				A3C16E6023DE9EC4005BFA14 /* Sources */,
				A3C16E6123DE9EC4005BFA14 /* Frameworks */,
				A3C16E6223DE9EC4005BFA14 /* Resources */,
				A3BA10C9280263C2005E235A /* ShellScript */,
			);
			buildRules = (
			);
			dependencies = (
			);
			name = DialedIn;
			packageProductDependencies = (
				A334BA552929B7B9004546DB /* TextFieldStepper */,
			);
			productName = DialedIn;
			productReference = A3C16E6423DE9EC4005BFA14 /* Dialed In.app */;
			productType = "com.apple.product-type.application";
		};
		A3C16E7C23DE9EC5005BFA14 /* DialedInTests */ = {
			isa = PBXNativeTarget;
			buildConfigurationList = A3C16E9423DE9EC5005BFA14 /* Build configuration list for PBXNativeTarget "DialedInTests" */;
			buildPhases = (
				A3C16E7923DE9EC5005BFA14 /* Sources */,
				A3C16E7A23DE9EC5005BFA14 /* Frameworks */,
				A3C16E7B23DE9EC5005BFA14 /* Resources */,
			);
			buildRules = (
			);
			dependencies = (
				A3C16E7F23DE9EC5005BFA14 /* PBXTargetDependency */,
			);
			name = DialedInTests;
			productName = DialedInTests;
			productReference = A3C16E7D23DE9EC5005BFA14 /* DialedInTests.xctest */;
			productType = "com.apple.product-type.bundle.unit-test";
		};
		A3C16E8723DE9EC5005BFA14 /* DialedInUITests */ = {
			isa = PBXNativeTarget;
			buildConfigurationList = A3C16E9723DE9EC5005BFA14 /* Build configuration list for PBXNativeTarget "DialedInUITests" */;
			buildPhases = (
				A3C16E8423DE9EC5005BFA14 /* Sources */,
				A3C16E8523DE9EC5005BFA14 /* Frameworks */,
				A3C16E8623DE9EC5005BFA14 /* Resources */,
			);
			buildRules = (
			);
			dependencies = (
				A3C16E8A23DE9EC5005BFA14 /* PBXTargetDependency */,
			);
			name = DialedInUITests;
			productName = DialedInUITests;
			productReference = A3C16E8823DE9EC5005BFA14 /* DialedInUITests.xctest */;
			productType = "com.apple.product-type.bundle.ui-testing";
		};
/* End PBXNativeTarget section */

/* Begin PBXProject section */
		A3C16E5C23DE9EC4005BFA14 /* Project object */ = {
			isa = PBXProject;
			attributes = {
				LastSwiftUpdateCheck = 1130;
				LastUpgradeCheck = 1200;
				ORGANIZATIONNAME = "Jason Hilimire";
				TargetAttributes = {
					A3C16E6323DE9EC4005BFA14 = {
						CreatedOnToolsVersion = 11.3.1;
					};
					A3C16E7C23DE9EC5005BFA14 = {
						CreatedOnToolsVersion = 11.3.1;
						TestTargetID = A3C16E6323DE9EC4005BFA14;
					};
					A3C16E8723DE9EC5005BFA14 = {
						CreatedOnToolsVersion = 11.3.1;
						TestTargetID = A3C16E6323DE9EC4005BFA14;
					};
				};
			};
			buildConfigurationList = A3C16E5F23DE9EC4005BFA14 /* Build configuration list for PBXProject "DialedIn" */;
			compatibilityVersion = "Xcode 9.3";
			developmentRegion = en;
			hasScannedForEncodings = 0;
			knownRegions = (
				en,
				Base,
			);
			mainGroup = A3C16E5B23DE9EC4005BFA14;
			packageReferences = (
				A334BA542929B7B9004546DB /* XCRemoteSwiftPackageReference "TextFieldStepper" */,
			);
			productRefGroup = A3C16E6523DE9EC4005BFA14 /* Products */;
			projectDirPath = "";
			projectRoot = "";
			targets = (
				A3C16E6323DE9EC4005BFA14 /* DialedIn */,
				A3C16E7C23DE9EC5005BFA14 /* DialedInTests */,
				A3C16E8723DE9EC5005BFA14 /* DialedInUITests */,
			);
		};
/* End PBXProject section */

/* Begin PBXResourcesBuildPhase section */
		A3C16E6223DE9EC4005BFA14 /* Resources */ = {
			isa = PBXResourcesBuildPhase;
			buildActionMask = 2147483647;
			files = (
				A3D5181E242691F4007DEE9D /* DialedIn.xcdatamodeld in Resources */,
				A3C16E7723DE9EC5005BFA14 /* LaunchScreen.storyboard in Resources */,
				A3C16E7423DE9EC5005BFA14 /* Preview Assets.xcassets in Resources */,
				A3C16E7123DE9EC5005BFA14 /* Assets.xcassets in Resources */,
			);
			runOnlyForDeploymentPostprocessing = 0;
		};
		A3C16E7B23DE9EC5005BFA14 /* Resources */ = {
			isa = PBXResourcesBuildPhase;
			buildActionMask = 2147483647;
			files = (
			);
			runOnlyForDeploymentPostprocessing = 0;
		};
		A3C16E8623DE9EC5005BFA14 /* Resources */ = {
			isa = PBXResourcesBuildPhase;
			buildActionMask = 2147483647;
			files = (
			);
			runOnlyForDeploymentPostprocessing = 0;
		};
/* End PBXResourcesBuildPhase section */

/* Begin PBXShellScriptBuildPhase section */
		A3BA10C9280263C2005E235A /* ShellScript */ = {
			isa = PBXShellScriptBuildPhase;
			buildActionMask = 2147483647;
			files = (
			);
			inputFileListPaths = (
			);
			inputPaths = (
			);
			outputFileListPaths = (
			);
			outputPaths = (
			);
			runOnlyForDeploymentPostprocessing = 0;
			shellPath = /bin/sh;
			shellScript = "buildNumber=$(xcodebuild -showBuildSettings | grep CURRENT_PROJECT_VERSION | tr -d 'CURRENT_PROJECT_VERSION =')\nbuildNumber=`echo $buildNumber +1|bc`\nxcrun agvtool new-version $buildNumber\n";
		};
/* End PBXShellScriptBuildPhase section */

/* Begin PBXSourcesBuildPhase section */
		A3C16E6023DE9EC4005BFA14 /* Sources */ = {
			isa = PBXSourcesBuildPhase;
			buildActionMask = 2147483647;
			files = (
				A3D5181224268DB6007DEE9D /* FrontService+CoreDataClass.swift in Sources */,
				A33A855725E4AFD800CD0059 /* AddRearServiceView.swift in Sources */,
				A3273B7223EF8F6F007A3792 /* NoteFrontSetupViewModel.swift in Sources */,
				A3F3C84825D9D2AD000BE912 /* RearSetupFormView.swift in Sources */,
				A3FBA8BB240342E7001F3885 /* BikeDetailView.swift in Sources */,
				A393F9BD252ACAB700F39E04 /* HomePageMainView.swift in Sources */,
				A3DDCC7A23DFEFEB00CD1476 /* Bike+CoreDataClass.swift in Sources */,
				A3D5181624268DB6007DEE9D /* RearService+CoreDataClass.swift in Sources */,
				A37A8953257304AA00D301E1 /* NoteViewModel.swift in Sources */,
				A3B8B79723F0E9EF00CE1EF8 /* BikePickerView.swift in Sources */,
				A3D5181724268DB6007DEE9D /* RearService+CoreDataProperties.swift in Sources */,
				A35642C325787A5500A5A45B /* DialedApp.swift in Sources */,
				A3E1A6AF2409B78100C4DFD5 /* FilteredBikeNotesView.swift in Sources */,
				A3EAEF36274EE29400B562E9 /* ToolbarContent.swift in Sources */,
				A3D533C929205FF800C1164B /* BikesDetailView.swift in Sources */,
				A3F0CF4C25D99F140001DF5B /* RearShockViewModel.swift in Sources */,
				A3D518072425BD63007DEE9D /* AddServiceView.swift in Sources */,
				A3F61FFB25CE357A004F8EA0 /* FrontNoteDetailsView.swift in Sources */,
				A3F8592E2511BFAA00278E7B /* CreateBikeView.swift in Sources */,
				A3CAFF5B2465F95000B144EA /* KeyboardObserver.swift in Sources */,
				A3D533C7291F3B8D00C1164B /* BikeNameCircle.swift in Sources */,
				A35642C125787A5500A5A45B /* ContentView.swift in Sources */,
				A3F3C83D25D9CD41000BE912 /* ForkSetupFormView.swift in Sources */,
				A31605FA2523BAA1009071E9 /* ArrowButtonView.swift in Sources */,
				A3C76CA423EF66450047BBCC /* RatingView.swift in Sources */,
				A3F567A224343B1100C769A4 /* Constants.swift in Sources */,
				A3224EA12759C56E004EFDDA /* ServiceWarningView.swift in Sources */,
				A3D518332426B50D007DEE9D /* RearShock+CoreDataProperties.swift in Sources */,
				A3F3C84D25D9D694000BE912 /* BikeDetailFormView.swift in Sources */,
				A3C16EB723DEA582005BFA14 /* RearShock+CoreDataClass.swift in Sources */,
				A3C16E6F23DE9EC4005BFA14 /* NotesListView.swift in Sources */,
				A3FBA8BD240342E7001F3885 /* RearShockLastServicedView.swift in Sources */,
				A33A854F25E4AEF500CD0059 /* AddFrontServiceView.swift in Sources */,
				A37B1EC0252C0D8500147F94 /* GradientButtonStyle.swift in Sources */,
				A3A157A125D391C000A6B6A4 /* ForkViewModel.swift in Sources */,
				A3D518372426B565007DEE9D /* FrontServiceViewModel.swift in Sources */,
				A393F9CE252ACBC800F39E04 /* HomePageLastNoteView.swift in Sources */,
				A3FBA8BC240342E7001F3885 /* ForkLastServicedView.swift in Sources */,
				A3077DEB255B8DAD00981486 /* SearchBarView.swift in Sources */,
				A3942D23292C5BB700C154F1 /* TextStepperConfig.swift in Sources */,
				A3C7A1D72401F87D00A741A8 /* NoteFrontSetupView.swift in Sources */,
				A3D5181B24268E55007DEE9D /* Fork+CoreDataProperties.swift in Sources */,
				A348C259275DACB800404984 /* PlusButtonView.swift in Sources */,
				A33C7FCA254F25AB002E6F47 /* OnBoardingView.swift in Sources */,
				A3C5F1F32916FC8A00436AF9 /* HomePageNotesInfoView.swift in Sources */,
				A3D518352426B558007DEE9D /* RearServiceViewModel.swift in Sources */,
				A3C8F5A3248F3527008DD118 /* EditBikeDetailView.swift in Sources */,
				A3C5F1F7291709FF00436AF9 /* Nav_Button.swift in Sources */,
				A3D5181324268DB6007DEE9D /* FrontService+CoreDataProperties.swift in Sources */,
				A3A1297023FB9AC50014EC8A /* NoteRearSetupViewModel.swift in Sources */,
				A3D533CB2920842100C1164B /* ServiceDueWrenchIconView.swift in Sources */,
				A33F02B124062A89005A0A8F /* FilteredNoteView.swift in Sources */,
				A3F61FF625CE330F004F8EA0 /* NoteTextFavRatView.swift in Sources */,
				A326FAC723F3BC6E002490E2 /* CoreData Extensions.swift in Sources */,
				A3B8B79523F0E66900CE1EF8 /* BikeViewModel.swift in Sources */,
				A3655BB02575E9F6009DACDE /* BoolModel.swift in Sources */,
				A3E04FC2244B9E0000FEB391 /* FavoritesView.swift in Sources */,
				A3DDCC7D23DFF21700CD1476 /* NotesDetailView.swift in Sources */,
				A3273B7523EF998B007A3792 /* Notes+CoreDataClass.swift in Sources */,
				A3F6200025CE38F3004F8EA0 /* RearNoteDetailsView.swift in Sources */,
				A3918AD023E3E446002A1D61 /* SaveButtonView.swift in Sources */,
				A3DDCC7B23DFEFEB00CD1476 /* Bike+CoreDataProperties.swift in Sources */,
				A35642C225787A5500A5A45B /* PersistentCloudKitContainer.swift in Sources */,
				A3850EB225292700008982D8 /* NotesStyleCardView.swift in Sources */,
				A3DDCC7F23DFF2C900CD1476 /* AddNoteView.swift in Sources */,
				A39E45F5252436AC004142CE /* CircularButtonView.swift in Sources */,
				A30D9668253549840094CE90 /* NotesHomePageStyledCardView.swift in Sources */,
				A3FBA8B324024024001F3885 /* NoteRearSetupView.swift in Sources */,
				A313D5F725539B240073FE33 /* PulsatingPlusButtonView.swift in Sources */,
				A3C16EBD23DEA582005BFA14 /* Fork+CoreDataClass.swift in Sources */,
				A393F9C7252ACB1B00F39E04 /* HomePageBikeCardListView.swift in Sources */,
				A3DDCC8323DFF97900CD1476 /* AddBikeView.swift in Sources */,
				A3273B7623EF998B007A3792 /* Notes+CoreDataProperties.swift in Sources */,
			);
			runOnlyForDeploymentPostprocessing = 0;
		};
		A3C16E7923DE9EC5005BFA14 /* Sources */ = {
			isa = PBXSourcesBuildPhase;
			buildActionMask = 2147483647;
			files = (
				A3C16E8223DE9EC5005BFA14 /* DialedInTests.swift in Sources */,
			);
			runOnlyForDeploymentPostprocessing = 0;
		};
		A3C16E8423DE9EC5005BFA14 /* Sources */ = {
			isa = PBXSourcesBuildPhase;
			buildActionMask = 2147483647;
			files = (
				A3C16E8D23DE9EC5005BFA14 /* DialedInUITests.swift in Sources */,
			);
			runOnlyForDeploymentPostprocessing = 0;
		};
/* End PBXSourcesBuildPhase section */

/* Begin PBXTargetDependency section */
		A3C16E7F23DE9EC5005BFA14 /* PBXTargetDependency */ = {
			isa = PBXTargetDependency;
			target = A3C16E6323DE9EC4005BFA14 /* DialedIn */;
			targetProxy = A3C16E7E23DE9EC5005BFA14 /* PBXContainerItemProxy */;
		};
		A3C16E8A23DE9EC5005BFA14 /* PBXTargetDependency */ = {
			isa = PBXTargetDependency;
			target = A3C16E6323DE9EC4005BFA14 /* DialedIn */;
			targetProxy = A3C16E8923DE9EC5005BFA14 /* PBXContainerItemProxy */;
		};
/* End PBXTargetDependency section */

/* Begin PBXVariantGroup section */
		A3C16E7523DE9EC5005BFA14 /* LaunchScreen.storyboard */ = {
			isa = PBXVariantGroup;
			children = (
				A3C16E7623DE9EC5005BFA14 /* Base */,
			);
			name = LaunchScreen.storyboard;
			sourceTree = "<group>";
		};
/* End PBXVariantGroup section */

/* Begin XCBuildConfiguration section */
		A3C16E8F23DE9EC5005BFA14 /* Debug */ = {
			isa = XCBuildConfiguration;
			buildSettings = {
				ALWAYS_SEARCH_USER_PATHS = NO;
				CLANG_ANALYZER_NONNULL = YES;
				CLANG_ANALYZER_NUMBER_OBJECT_CONVERSION = YES_AGGRESSIVE;
				CLANG_CXX_LANGUAGE_STANDARD = "gnu++14";
				CLANG_CXX_LIBRARY = "libc++";
				CLANG_ENABLE_MODULES = YES;
				CLANG_ENABLE_OBJC_ARC = YES;
				CLANG_ENABLE_OBJC_WEAK = YES;
				CLANG_WARN_BLOCK_CAPTURE_AUTORELEASING = YES;
				CLANG_WARN_BOOL_CONVERSION = YES;
				CLANG_WARN_COMMA = YES;
				CLANG_WARN_CONSTANT_CONVERSION = YES;
				CLANG_WARN_DEPRECATED_OBJC_IMPLEMENTATIONS = YES;
				CLANG_WARN_DIRECT_OBJC_ISA_USAGE = YES_ERROR;
				CLANG_WARN_DOCUMENTATION_COMMENTS = YES;
				CLANG_WARN_EMPTY_BODY = YES;
				CLANG_WARN_ENUM_CONVERSION = YES;
				CLANG_WARN_INFINITE_RECURSION = YES;
				CLANG_WARN_INT_CONVERSION = YES;
				CLANG_WARN_NON_LITERAL_NULL_CONVERSION = YES;
				CLANG_WARN_OBJC_IMPLICIT_RETAIN_SELF = YES;
				CLANG_WARN_OBJC_LITERAL_CONVERSION = YES;
				CLANG_WARN_OBJC_ROOT_CLASS = YES_ERROR;
				CLANG_WARN_QUOTED_INCLUDE_IN_FRAMEWORK_HEADER = YES;
				CLANG_WARN_RANGE_LOOP_ANALYSIS = YES;
				CLANG_WARN_STRICT_PROTOTYPES = YES;
				CLANG_WARN_SUSPICIOUS_MOVE = YES;
				CLANG_WARN_UNGUARDED_AVAILABILITY = YES_AGGRESSIVE;
				CLANG_WARN_UNREACHABLE_CODE = YES;
				CLANG_WARN__DUPLICATE_METHOD_MATCH = YES;
				COPY_PHASE_STRIP = NO;
				DEBUG_INFORMATION_FORMAT = dwarf;
				ENABLE_STRICT_OBJC_MSGSEND = YES;
				ENABLE_TESTABILITY = YES;
				GCC_C_LANGUAGE_STANDARD = gnu11;
				GCC_DYNAMIC_NO_PIC = NO;
				GCC_NO_COMMON_BLOCKS = YES;
				GCC_OPTIMIZATION_LEVEL = 0;
				GCC_PREPROCESSOR_DEFINITIONS = (
					"DEBUG=1",
					"$(inherited)",
				);
				GCC_WARN_64_TO_32_BIT_CONVERSION = YES;
				GCC_WARN_ABOUT_RETURN_TYPE = YES_ERROR;
				GCC_WARN_UNDECLARED_SELECTOR = YES;
				GCC_WARN_UNINITIALIZED_AUTOS = YES_AGGRESSIVE;
				GCC_WARN_UNUSED_FUNCTION = YES;
				GCC_WARN_UNUSED_VARIABLE = YES;
				IPHONEOS_DEPLOYMENT_TARGET = 14.0;
				MTL_ENABLE_DEBUG_INFO = INCLUDE_SOURCE;
				MTL_FAST_MATH = YES;
				ONLY_ACTIVE_ARCH = YES;
				SDKROOT = iphoneos;
				SWIFT_ACTIVE_COMPILATION_CONDITIONS = DEBUG;
				SWIFT_OPTIMIZATION_LEVEL = "-Onone";
			};
			name = Debug;
		};
		A3C16E9023DE9EC5005BFA14 /* Release */ = {
			isa = XCBuildConfiguration;
			buildSettings = {
				ALWAYS_SEARCH_USER_PATHS = NO;
				CLANG_ANALYZER_NONNULL = YES;
				CLANG_ANALYZER_NUMBER_OBJECT_CONVERSION = YES_AGGRESSIVE;
				CLANG_CXX_LANGUAGE_STANDARD = "gnu++14";
				CLANG_CXX_LIBRARY = "libc++";
				CLANG_ENABLE_MODULES = YES;
				CLANG_ENABLE_OBJC_ARC = YES;
				CLANG_ENABLE_OBJC_WEAK = YES;
				CLANG_WARN_BLOCK_CAPTURE_AUTORELEASING = YES;
				CLANG_WARN_BOOL_CONVERSION = YES;
				CLANG_WARN_COMMA = YES;
				CLANG_WARN_CONSTANT_CONVERSION = YES;
				CLANG_WARN_DEPRECATED_OBJC_IMPLEMENTATIONS = YES;
				CLANG_WARN_DIRECT_OBJC_ISA_USAGE = YES_ERROR;
				CLANG_WARN_DOCUMENTATION_COMMENTS = YES;
				CLANG_WARN_EMPTY_BODY = YES;
				CLANG_WARN_ENUM_CONVERSION = YES;
				CLANG_WARN_INFINITE_RECURSION = YES;
				CLANG_WARN_INT_CONVERSION = YES;
				CLANG_WARN_NON_LITERAL_NULL_CONVERSION = YES;
				CLANG_WARN_OBJC_IMPLICIT_RETAIN_SELF = YES;
				CLANG_WARN_OBJC_LITERAL_CONVERSION = YES;
				CLANG_WARN_OBJC_ROOT_CLASS = YES_ERROR;
				CLANG_WARN_QUOTED_INCLUDE_IN_FRAMEWORK_HEADER = YES;
				CLANG_WARN_RANGE_LOOP_ANALYSIS = YES;
				CLANG_WARN_STRICT_PROTOTYPES = YES;
				CLANG_WARN_SUSPICIOUS_MOVE = YES;
				CLANG_WARN_UNGUARDED_AVAILABILITY = YES_AGGRESSIVE;
				CLANG_WARN_UNREACHABLE_CODE = YES;
				CLANG_WARN__DUPLICATE_METHOD_MATCH = YES;
				COPY_PHASE_STRIP = NO;
				DEBUG_INFORMATION_FORMAT = "dwarf-with-dsym";
				ENABLE_NS_ASSERTIONS = NO;
				ENABLE_STRICT_OBJC_MSGSEND = YES;
				GCC_C_LANGUAGE_STANDARD = gnu11;
				GCC_NO_COMMON_BLOCKS = YES;
				GCC_WARN_64_TO_32_BIT_CONVERSION = YES;
				GCC_WARN_ABOUT_RETURN_TYPE = YES_ERROR;
				GCC_WARN_UNDECLARED_SELECTOR = YES;
				GCC_WARN_UNINITIALIZED_AUTOS = YES_AGGRESSIVE;
				GCC_WARN_UNUSED_FUNCTION = YES;
				GCC_WARN_UNUSED_VARIABLE = YES;
				IPHONEOS_DEPLOYMENT_TARGET = 14.0;
				MTL_ENABLE_DEBUG_INFO = NO;
				MTL_FAST_MATH = YES;
				SDKROOT = iphoneos;
				SWIFT_COMPILATION_MODE = wholemodule;
				SWIFT_OPTIMIZATION_LEVEL = "-O";
				VALIDATE_PRODUCT = YES;
			};
			name = Release;
		};
		A3C16E9223DE9EC5005BFA14 /* Debug */ = {
			isa = XCBuildConfiguration;
			buildSettings = {
				ASSETCATALOG_COMPILER_APPICON_NAME = AppIcon;
				ASSETCATALOG_COMPILER_INCLUDE_ALL_APPICON_ASSETS = YES;
				CODE_SIGN_ENTITLEMENTS = "DialedIn/Dialed In.entitlements";
				CODE_SIGN_STYLE = Automatic;
				CURRENT_PROJECT_VERSION = 316;
				DEVELOPMENT_ASSET_PATHS = "\"DialedIn/Preview Content\"";
				DEVELOPMENT_TEAM = 55QD8ZCA9C;
				ENABLE_PREVIEWS = YES;
				INFOPLIST_FILE = DialedIn/Info.plist;
				INFOPLIST_KEY_CFBundleDisplayName = "Dialed In-Mtb";
				INFOPLIST_KEY_LSApplicationCategoryType = "public.app-category.sports";
				IPHONEOS_DEPLOYMENT_TARGET = 15.6;
				LD_RUNPATH_SEARCH_PATHS = (
					"$(inherited)",
					"@executable_path/Frameworks",
				);
				MARKETING_VERSION = 2.0;
				PRODUCT_BUNDLE_IDENTIFIER = com.peanutApps.DialedIn;
				PRODUCT_NAME = "Dialed In";
				SUPPORTS_MACCATALYST = NO;
				SWIFT_VERSION = 5.0;
				TARGETED_DEVICE_FAMILY = "1,2";
				VERSIONING_SYSTEM = "";
			};
			name = Debug;
		};
		A3C16E9323DE9EC5005BFA14 /* Release */ = {
			isa = XCBuildConfiguration;
			buildSettings = {
				ASSETCATALOG_COMPILER_APPICON_NAME = AppIcon;
				ASSETCATALOG_COMPILER_INCLUDE_ALL_APPICON_ASSETS = YES;
				CODE_SIGN_ENTITLEMENTS = "DialedIn/Dialed In.entitlements";
				CODE_SIGN_STYLE = Automatic;
				CURRENT_PROJECT_VERSION = 316;
				DEVELOPMENT_ASSET_PATHS = "\"DialedIn/Preview Content\"";
				DEVELOPMENT_TEAM = 55QD8ZCA9C;
				ENABLE_PREVIEWS = YES;
				INFOPLIST_FILE = DialedIn/Info.plist;
				INFOPLIST_KEY_CFBundleDisplayName = "Dialed In-Mtb";
				INFOPLIST_KEY_LSApplicationCategoryType = "public.app-category.sports";
				IPHONEOS_DEPLOYMENT_TARGET = 15.6;
				LD_RUNPATH_SEARCH_PATHS = (
					"$(inherited)",
					"@executable_path/Frameworks",
				);
				MARKETING_VERSION = 2.0;
				PRODUCT_BUNDLE_IDENTIFIER = com.peanutApps.DialedIn;
				PRODUCT_NAME = "Dialed In";
				SUPPORTS_MACCATALYST = NO;
				SWIFT_VERSION = 5.0;
				TARGETED_DEVICE_FAMILY = "1,2";
				VERSIONING_SYSTEM = "";
			};
			name = Release;
		};
		A3C16E9523DE9EC5005BFA14 /* Debug */ = {
			isa = XCBuildConfiguration;
			buildSettings = {
				ALWAYS_EMBED_SWIFT_STANDARD_LIBRARIES = YES;
				BUNDLE_LOADER = "$(TEST_HOST)";
				CODE_SIGN_STYLE = Automatic;
				DEVELOPMENT_TEAM = 8B96WPVX2B;
				INFOPLIST_FILE = DialedInTests/Info.plist;
				IPHONEOS_DEPLOYMENT_TARGET = 13.2;
				LD_RUNPATH_SEARCH_PATHS = (
					"$(inherited)",
					"@executable_path/Frameworks",
					"@loader_path/Frameworks",
				);
				PRODUCT_BUNDLE_IDENTIFIER = com.peanutApps.DialedInTests;
				PRODUCT_NAME = "$(TARGET_NAME)";
				SWIFT_VERSION = 5.0;
				TARGETED_DEVICE_FAMILY = "1,2";
				TEST_HOST = "$(BUILT_PRODUCTS_DIR)/DialedIn.app/DialedIn";
			};
			name = Debug;
		};
		A3C16E9623DE9EC5005BFA14 /* Release */ = {
			isa = XCBuildConfiguration;
			buildSettings = {
				ALWAYS_EMBED_SWIFT_STANDARD_LIBRARIES = YES;
				BUNDLE_LOADER = "$(TEST_HOST)";
				CODE_SIGN_STYLE = Automatic;
				DEVELOPMENT_TEAM = 8B96WPVX2B;
				INFOPLIST_FILE = DialedInTests/Info.plist;
				IPHONEOS_DEPLOYMENT_TARGET = 13.2;
				LD_RUNPATH_SEARCH_PATHS = (
					"$(inherited)",
					"@executable_path/Frameworks",
					"@loader_path/Frameworks",
				);
				PRODUCT_BUNDLE_IDENTIFIER = com.peanutApps.DialedInTests;
				PRODUCT_NAME = "$(TARGET_NAME)";
				SWIFT_VERSION = 5.0;
				TARGETED_DEVICE_FAMILY = "1,2";
				TEST_HOST = "$(BUILT_PRODUCTS_DIR)/DialedIn.app/DialedIn";
			};
			name = Release;
		};
		A3C16E9823DE9EC5005BFA14 /* Debug */ = {
			isa = XCBuildConfiguration;
			buildSettings = {
				ALWAYS_EMBED_SWIFT_STANDARD_LIBRARIES = YES;
				CODE_SIGN_STYLE = Automatic;
				DEVELOPMENT_TEAM = 8B96WPVX2B;
				INFOPLIST_FILE = DialedInUITests/Info.plist;
				LD_RUNPATH_SEARCH_PATHS = (
					"$(inherited)",
					"@executable_path/Frameworks",
					"@loader_path/Frameworks",
				);
				PRODUCT_BUNDLE_IDENTIFIER = com.peanutApps.DialedInUITests;
				PRODUCT_NAME = "$(TARGET_NAME)";
				SWIFT_VERSION = 5.0;
				TARGETED_DEVICE_FAMILY = "1,2";
				TEST_TARGET_NAME = DialedIn;
			};
			name = Debug;
		};
		A3C16E9923DE9EC5005BFA14 /* Release */ = {
			isa = XCBuildConfiguration;
			buildSettings = {
				ALWAYS_EMBED_SWIFT_STANDARD_LIBRARIES = YES;
				CODE_SIGN_STYLE = Automatic;
				DEVELOPMENT_TEAM = 8B96WPVX2B;
				INFOPLIST_FILE = DialedInUITests/Info.plist;
				LD_RUNPATH_SEARCH_PATHS = (
					"$(inherited)",
					"@executable_path/Frameworks",
					"@loader_path/Frameworks",
				);
				PRODUCT_BUNDLE_IDENTIFIER = com.peanutApps.DialedInUITests;
				PRODUCT_NAME = "$(TARGET_NAME)";
				SWIFT_VERSION = 5.0;
				TARGETED_DEVICE_FAMILY = "1,2";
				TEST_TARGET_NAME = DialedIn;
			};
			name = Release;
		};
/* End XCBuildConfiguration section */

/* Begin XCConfigurationList section */
		A3C16E5F23DE9EC4005BFA14 /* Build configuration list for PBXProject "DialedIn" */ = {
			isa = XCConfigurationList;
			buildConfigurations = (
				A3C16E8F23DE9EC5005BFA14 /* Debug */,
				A3C16E9023DE9EC5005BFA14 /* Release */,
			);
			defaultConfigurationIsVisible = 0;
			defaultConfigurationName = Release;
		};
		A3C16E9123DE9EC5005BFA14 /* Build configuration list for PBXNativeTarget "DialedIn" */ = {
			isa = XCConfigurationList;
			buildConfigurations = (
				A3C16E9223DE9EC5005BFA14 /* Debug */,
				A3C16E9323DE9EC5005BFA14 /* Release */,
			);
			defaultConfigurationIsVisible = 0;
			defaultConfigurationName = Release;
		};
		A3C16E9423DE9EC5005BFA14 /* Build configuration list for PBXNativeTarget "DialedInTests" */ = {
			isa = XCConfigurationList;
			buildConfigurations = (
				A3C16E9523DE9EC5005BFA14 /* Debug */,
				A3C16E9623DE9EC5005BFA14 /* Release */,
			);
			defaultConfigurationIsVisible = 0;
			defaultConfigurationName = Release;
		};
		A3C16E9723DE9EC5005BFA14 /* Build configuration list for PBXNativeTarget "DialedInUITests" */ = {
			isa = XCConfigurationList;
			buildConfigurations = (
				A3C16E9823DE9EC5005BFA14 /* Debug */,
				A3C16E9923DE9EC5005BFA14 /* Release */,
			);
			defaultConfigurationIsVisible = 0;
			defaultConfigurationName = Release;
		};
/* End XCConfigurationList section */

/* Begin XCRemoteSwiftPackageReference section */
		A334BA542929B7B9004546DB /* XCRemoteSwiftPackageReference "TextFieldStepper" */ = {
			isa = XCRemoteSwiftPackageReference;
			repositoryURL = "https://github.com/joe-scotto/TextFieldStepper";
			requirement = {
				branch = main;
				kind = branch;
			};
		};
/* End XCRemoteSwiftPackageReference section */

/* Begin XCSwiftPackageProductDependency section */
		A334BA552929B7B9004546DB /* TextFieldStepper */ = {
			isa = XCSwiftPackageProductDependency;
			package = A334BA542929B7B9004546DB /* XCRemoteSwiftPackageReference "TextFieldStepper" */;
			productName = TextFieldStepper;
		};
/* End XCSwiftPackageProductDependency section */

/* Begin XCVersionGroup section */
		A3C16E6B23DE9EC4005BFA14 /* DialedIn.xcdatamodeld */ = {
			isa = XCVersionGroup;
			children = (
				A36DF5EE25C8E7BB00393FD7 /* DialedIn v2.xcdatamodel */,
				A3C16E6C23DE9EC4005BFA14 /* DialedIn.xcdatamodel */,
			);
			currentVersion = A36DF5EE25C8E7BB00393FD7 /* DialedIn v2.xcdatamodel */;
			path = DialedIn.xcdatamodeld;
			sourceTree = "<group>";
			versionGroupType = wrapper.xcdatamodel;
		};
/* End XCVersionGroup section */
	};
	rootObject = A3C16E5C23DE9EC4005BFA14 /* Project object */;
}
